// !$*UTF8*$!
{
	archiveVersion = 1;
	classes = {
	};
	objectVersion = 46;
	objects = {

/* Begin PBXBuildFile section */
		EA38B36E14F02D5F00546B51 /* UIKit.framework in Frameworks */ = {isa = PBXBuildFile; fileRef = EA38B36D14F02D5F00546B51 /* UIKit.framework */; };
		EA38B37014F02D5F00546B51 /* Foundation.framework in Frameworks */ = {isa = PBXBuildFile; fileRef = EA38B36F14F02D5F00546B51 /* Foundation.framework */; };
		EA38B37214F02D5F00546B51 /* CoreGraphics.framework in Frameworks */ = {isa = PBXBuildFile; fileRef = EA38B37114F02D5F00546B51 /* CoreGraphics.framework */; };
		EA38B37814F02D5F00546B51 /* InfoPlist.strings in Resources */ = {isa = PBXBuildFile; fileRef = EA38B37614F02D5F00546B51 /* InfoPlist.strings */; };
		EA38B37A14F02D5F00546B51 /* main.m in Sources */ = {isa = PBXBuildFile; fileRef = EA38B37914F02D5F00546B51 /* main.m */; };
		EA38B37E14F02D6000546B51 /* CPAppDelegate.m in Sources */ = {isa = PBXBuildFile; fileRef = EA38B37D14F02D6000546B51 /* CPAppDelegate.m */; };
		EA38B38114F02D6000546B51 /* CPViewController.m in Sources */ = {isa = PBXBuildFile; fileRef = EA38B38014F02D6000546B51 /* CPViewController.m */; };
		EA38B38414F02D6000546B51 /* CPViewController.xib in Resources */ = {isa = PBXBuildFile; fileRef = EA38B38214F02D6000546B51 /* CPViewController.xib */; };
		EA38B38F14F05A7300546B51 /* UIColor+CrossFade.m in Sources */ = {isa = PBXBuildFile; fileRef = EA38B38E14F05A7300546B51 /* UIColor+CrossFade.m */; };
		EA38B39F14F46C6B00546B51 /* InfColorPickerController.m in Sources */ = {isa = PBXBuildFile; fileRef = EA38B39E14F46C6B00546B51 /* InfColorPickerController.m */; settings = {COMPILER_FLAGS = "-fno-objc-arc"; }; };
		EA38B3AC14F46FA100546B51 /* CPButtonView.m in Sources */ = {isa = PBXBuildFile; fileRef = EA38B3AB14F46FA100546B51 /* CPButtonView.m */; };
		EA38B3BB14F4707E00546B51 /* InfColorBarPicker.m in Sources */ = {isa = PBXBuildFile; fileRef = EA38B3AE14F4707E00546B51 /* InfColorBarPicker.m */; settings = {COMPILER_FLAGS = "-fno-objc-arc"; }; };
		EA38B3BC14F4707E00546B51 /* InfColorIndicatorView.m in Sources */ = {isa = PBXBuildFile; fileRef = EA38B3B014F4707E00546B51 /* InfColorIndicatorView.m */; settings = {COMPILER_FLAGS = "-fno-objc-arc"; }; };
		EA38B3BE14F4707E00546B51 /* InfColorPickerView.xib in Resources */ = {isa = PBXBuildFile; fileRef = EA38B3B414F4707E00546B51 /* InfColorPickerView.xib */; };
		EA38B3BF14F4707E00546B51 /* InfColorSquarePicker.m in Sources */ = {isa = PBXBuildFile; fileRef = EA38B3B614F4707E00546B51 /* InfColorSquarePicker.m */; settings = {COMPILER_FLAGS = "-fno-objc-arc"; }; };
		EA38B3C014F4707E00546B51 /* InfHSBSupport.m in Sources */ = {isa = PBXBuildFile; fileRef = EA38B3B814F4707E00546B51 /* InfHSBSupport.m */; settings = {COMPILER_FLAGS = "-fno-objc-arc"; }; };
		EA38B3C114F4707E00546B51 /* InfSourceColorView.m in Sources */ = {isa = PBXBuildFile; fileRef = EA38B3BA14F4707E00546B51 /* InfSourceColorView.m */; settings = {COMPILER_FLAGS = "-fno-objc-arc"; }; };
/* End PBXBuildFile section */

/* Begin PBXFileReference section */
		EA0BA81314F5BE69001625F1 /* README.mdown */ = {isa = PBXFileReference; lastKnownFileType = text; path = README.mdown; sourceTree = "<group>"; };
		EA38B36914F02D5F00546B51 /* UIColorCrossFadeDemo.app */ = {isa = PBXFileReference; explicitFileType = wrapper.application; includeInIndex = 0; path = UIColorCrossFadeDemo.app; sourceTree = BUILT_PRODUCTS_DIR; };
		EA38B36D14F02D5F00546B51 /* UIKit.framework */ = {isa = PBXFileReference; lastKnownFileType = wrapper.framework; name = UIKit.framework; path = System/Library/Frameworks/UIKit.framework; sourceTree = SDKROOT; };
		EA38B36F14F02D5F00546B51 /* Foundation.framework */ = {isa = PBXFileReference; lastKnownFileType = wrapper.framework; name = Foundation.framework; path = System/Library/Frameworks/Foundation.framework; sourceTree = SDKROOT; };
		EA38B37114F02D5F00546B51 /* CoreGraphics.framework */ = {isa = PBXFileReference; lastKnownFileType = wrapper.framework; name = CoreGraphics.framework; path = System/Library/Frameworks/CoreGraphics.framework; sourceTree = SDKROOT; };
		EA38B37514F02D5F00546B51 /* UIColorCrossFadeDemo-Info.plist */ = {isa = PBXFileReference; lastKnownFileType = text.plist.xml; path = "UIColorCrossFadeDemo-Info.plist"; sourceTree = "<group>"; };
		EA38B37714F02D5F00546B51 /* en */ = {isa = PBXFileReference; lastKnownFileType = text.plist.strings; name = en; path = en.lproj/InfoPlist.strings; sourceTree = "<group>"; };
		EA38B37914F02D5F00546B51 /* main.m */ = {isa = PBXFileReference; lastKnownFileType = sourcecode.c.objc; path = main.m; sourceTree = "<group>"; };
		EA38B37B14F02D5F00546B51 /* UIColorCrossFadeDemo-Prefix.pch */ = {isa = PBXFileReference; lastKnownFileType = sourcecode.c.h; path = "UIColorCrossFadeDemo-Prefix.pch"; sourceTree = "<group>"; };
		EA38B37C14F02D5F00546B51 /* CPAppDelegate.h */ = {isa = PBXFileReference; lastKnownFileType = sourcecode.c.h; path = CPAppDelegate.h; sourceTree = "<group>"; };
		EA38B37D14F02D6000546B51 /* CPAppDelegate.m */ = {isa = PBXFileReference; lastKnownFileType = sourcecode.c.objc; path = CPAppDelegate.m; sourceTree = "<group>"; };
		EA38B37F14F02D6000546B51 /* CPViewController.h */ = {isa = PBXFileReference; lastKnownFileType = sourcecode.c.h; path = CPViewController.h; sourceTree = "<group>"; };
		EA38B38014F02D6000546B51 /* CPViewController.m */ = {isa = PBXFileReference; lastKnownFileType = sourcecode.c.objc; path = CPViewController.m; sourceTree = "<group>"; };
		EA38B38314F02D6000546B51 /* en */ = {isa = PBXFileReference; lastKnownFileType = file.xib; name = en; path = en.lproj/CPViewController.xib; sourceTree = "<group>"; };
		EA38B38D14F05A7300546B51 /* UIColor+CrossFade.h */ = {isa = PBXFileReference; fileEncoding = 4; lastKnownFileType = sourcecode.c.h; path = "UIColor+CrossFade.h"; sourceTree = "<group>"; };
		EA38B38E14F05A7300546B51 /* UIColor+CrossFade.m */ = {isa = PBXFileReference; fileEncoding = 4; lastKnownFileType = sourcecode.c.objc; path = "UIColor+CrossFade.m"; sourceTree = "<group>"; };
		EA38B39C14F46C6B00546B51 /* InfColorPicker.h */ = {isa = PBXFileReference; fileEncoding = 4; lastKnownFileType = sourcecode.c.h; name = InfColorPicker.h; path = InfColorPicker/InfColorPicker/InfColorPicker.h; sourceTree = "<group>"; };
		EA38B39D14F46C6B00546B51 /* InfColorPickerController.h */ = {isa = PBXFileReference; fileEncoding = 4; lastKnownFileType = sourcecode.c.h; name = InfColorPickerController.h; path = InfColorPicker/InfColorPicker/InfColorPickerController.h; sourceTree = "<group>"; };
		EA38B39E14F46C6B00546B51 /* InfColorPickerController.m */ = {isa = PBXFileReference; fileEncoding = 4; lastKnownFileType = sourcecode.c.objc; name = InfColorPickerController.m; path = InfColorPicker/InfColorPicker/InfColorPickerController.m; sourceTree = "<group>"; };
		EA38B3AA14F46FA100546B51 /* CPButtonView.h */ = {isa = PBXFileReference; fileEncoding = 4; lastKnownFileType = sourcecode.c.h; path = CPButtonView.h; sourceTree = "<group>"; };
		EA38B3AB14F46FA100546B51 /* CPButtonView.m */ = {isa = PBXFileReference; fileEncoding = 4; lastKnownFileType = sourcecode.c.objc; path = CPButtonView.m; sourceTree = "<group>"; };
		EA38B3AD14F4707E00546B51 /* InfColorBarPicker.h */ = {isa = PBXFileReference; fileEncoding = 4; lastKnownFileType = sourcecode.c.h; name = InfColorBarPicker.h; path = InfColorPicker/InfColorPicker/InfColorBarPicker.h; sourceTree = "<group>"; };
		EA38B3AE14F4707E00546B51 /* InfColorBarPicker.m */ = {isa = PBXFileReference; fileEncoding = 4; lastKnownFileType = sourcecode.c.objc; name = InfColorBarPicker.m; path = InfColorPicker/InfColorPicker/InfColorBarPicker.m; sourceTree = "<group>"; };
		EA38B3AF14F4707E00546B51 /* InfColorIndicatorView.h */ = {isa = PBXFileReference; fileEncoding = 4; lastKnownFileType = sourcecode.c.h; name = InfColorIndicatorView.h; path = InfColorPicker/InfColorPicker/InfColorIndicatorView.h; sourceTree = "<group>"; };
		EA38B3B014F4707E00546B51 /* InfColorIndicatorView.m */ = {isa = PBXFileReference; fileEncoding = 4; lastKnownFileType = sourcecode.c.objc; name = InfColorIndicatorView.m; path = InfColorPicker/InfColorPicker/InfColorIndicatorView.m; sourceTree = "<group>"; };
		EA38B3B414F4707E00546B51 /* InfColorPickerView.xib */ = {isa = PBXFileReference; fileEncoding = 4; lastKnownFileType = file.xib; name = InfColorPickerView.xib; path = InfColorPicker/InfColorPicker/InfColorPickerView.xib; sourceTree = "<group>"; };
		EA38B3B514F4707E00546B51 /* InfColorSquarePicker.h */ = {isa = PBXFileReference; fileEncoding = 4; lastKnownFileType = sourcecode.c.h; name = InfColorSquarePicker.h; path = InfColorPicker/InfColorPicker/InfColorSquarePicker.h; sourceTree = "<group>"; };
		EA38B3B614F4707E00546B51 /* InfColorSquarePicker.m */ = {isa = PBXFileReference; fileEncoding = 4; lastKnownFileType = sourcecode.c.objc; name = InfColorSquarePicker.m; path = InfColorPicker/InfColorPicker/InfColorSquarePicker.m; sourceTree = "<group>"; };
		EA38B3B714F4707E00546B51 /* InfHSBSupport.h */ = {isa = PBXFileReference; fileEncoding = 4; lastKnownFileType = sourcecode.c.h; name = InfHSBSupport.h; path = InfColorPicker/InfColorPicker/InfHSBSupport.h; sourceTree = "<group>"; };
		EA38B3B814F4707E00546B51 /* InfHSBSupport.m */ = {isa = PBXFileReference; fileEncoding = 4; lastKnownFileType = sourcecode.c.objc; name = InfHSBSupport.m; path = InfColorPicker/InfColorPicker/InfHSBSupport.m; sourceTree = "<group>"; };
		EA38B3B914F4707E00546B51 /* InfSourceColorView.h */ = {isa = PBXFileReference; fileEncoding = 4; lastKnownFileType = sourcecode.c.h; name = InfSourceColorView.h; path = InfColorPicker/InfColorPicker/InfSourceColorView.h; sourceTree = "<group>"; };
		EA38B3BA14F4707E00546B51 /* InfSourceColorView.m */ = {isa = PBXFileReference; fileEncoding = 4; lastKnownFileType = sourcecode.c.objc; name = InfSourceColorView.m; path = InfColorPicker/InfColorPicker/InfSourceColorView.m; sourceTree = "<group>"; };
/* End PBXFileReference section */

/* Begin PBXFrameworksBuildPhase section */
		EA38B36614F02D5F00546B51 /* Frameworks */ = {
			isa = PBXFrameworksBuildPhase;
			buildActionMask = 2147483647;
			files = (
				EA38B36E14F02D5F00546B51 /* UIKit.framework in Frameworks */,
				EA38B37014F02D5F00546B51 /* Foundation.framework in Frameworks */,
				EA38B37214F02D5F00546B51 /* CoreGraphics.framework in Frameworks */,
			);
			runOnlyForDeploymentPostprocessing = 0;
		};
/* End PBXFrameworksBuildPhase section */

/* Begin PBXGroup section */
		EA38B35E14F02D5F00546B51 = {
			isa = PBXGroup;
			children = (
				EA0BA81314F5BE69001625F1 /* README.mdown */,
				EA38B38D14F05A7300546B51 /* UIColor+CrossFade.h */,
				EA38B38E14F05A7300546B51 /* UIColor+CrossFade.m */,
				EA38B37314F02D5F00546B51 /* UIColorCrossFadeDemo */,
				EA38B36C14F02D5F00546B51 /* Frameworks */,
				EA38B36A14F02D5F00546B51 /* Products */,
			);
			sourceTree = "<group>";
		};
		EA38B36A14F02D5F00546B51 /* Products */ = {
			isa = PBXGroup;
			children = (
				EA38B36914F02D5F00546B51 /* UIColorCrossFadeDemo.app */,
			);
			name = Products;
			sourceTree = "<group>";
		};
		EA38B36C14F02D5F00546B51 /* Frameworks */ = {
			isa = PBXGroup;
			children = (
				EA38B36D14F02D5F00546B51 /* UIKit.framework */,
				EA38B36F14F02D5F00546B51 /* Foundation.framework */,
				EA38B37114F02D5F00546B51 /* CoreGraphics.framework */,
			);
			name = Frameworks;
			sourceTree = "<group>";
		};
		EA38B37314F02D5F00546B51 /* UIColorCrossFadeDemo */ = {
			isa = PBXGroup;
			children = (
				EA38B3A014F46C6E00546B51 /* Vendor */,
				EA38B37C14F02D5F00546B51 /* CPAppDelegate.h */,
				EA38B37D14F02D6000546B51 /* CPAppDelegate.m */,
				EA38B37F14F02D6000546B51 /* CPViewController.h */,
				EA38B38014F02D6000546B51 /* CPViewController.m */,
				EA38B38214F02D6000546B51 /* CPViewController.xib */,
				EA38B3AA14F46FA100546B51 /* CPButtonView.h */,
				EA38B3AB14F46FA100546B51 /* CPButtonView.m */,
				EA38B37414F02D5F00546B51 /* Supporting Files */,
			);
			path = UIColorCrossFadeDemo;
			sourceTree = "<group>";
		};
		EA38B37414F02D5F00546B51 /* Supporting Files */ = {
			isa = PBXGroup;
			children = (
				EA38B37514F02D5F00546B51 /* UIColorCrossFadeDemo-Info.plist */,
				EA38B37614F02D5F00546B51 /* InfoPlist.strings */,
				EA38B37914F02D5F00546B51 /* main.m */,
				EA38B37B14F02D5F00546B51 /* UIColorCrossFadeDemo-Prefix.pch */,
			);
			name = "Supporting Files";
			sourceTree = "<group>";
		};
		EA38B3A014F46C6E00546B51 /* Vendor */ = {
			isa = PBXGroup;
			children = (
				EA38B3A414F46E4300546B51 /* InfColorPicker */,
			);
			name = Vendor;
			sourceTree = "<group>";
		};
		EA38B3A414F46E4300546B51 /* InfColorPicker */ = {
			isa = PBXGroup;
			children = (
				EA38B39C14F46C6B00546B51 /* InfColorPicker.h */,
				EA38B39D14F46C6B00546B51 /* InfColorPickerController.h */,
				EA38B39E14F46C6B00546B51 /* InfColorPickerController.m */,
				EA38B3AD14F4707E00546B51 /* InfColorBarPicker.h */,
				EA38B3AE14F4707E00546B51 /* InfColorBarPicker.m */,
				EA38B3AF14F4707E00546B51 /* InfColorIndicatorView.h */,
				EA38B3B014F4707E00546B51 /* InfColorIndicatorView.m */,
				EA38B3B414F4707E00546B51 /* InfColorPickerView.xib */,
				EA38B3B514F4707E00546B51 /* InfColorSquarePicker.h */,
				EA38B3B614F4707E00546B51 /* InfColorSquarePicker.m */,
				EA38B3B714F4707E00546B51 /* InfHSBSupport.h */,
				EA38B3B814F4707E00546B51 /* InfHSBSupport.m */,
				EA38B3B914F4707E00546B51 /* InfSourceColorView.h */,
				EA38B3BA14F4707E00546B51 /* InfSourceColorView.m */,
			);
			name = InfColorPicker;
			sourceTree = "<group>";
		};
/* End PBXGroup section */

/* Begin PBXNativeTarget section */
		EA38B36814F02D5F00546B51 /* UIColorCrossFadeDemo */ = {
			isa = PBXNativeTarget;
			buildConfigurationList = EA38B38714F02D6000546B51 /* Build configuration list for PBXNativeTarget "UIColorCrossFadeDemo" */;
			buildPhases = (
				EA38B36514F02D5F00546B51 /* Sources */,
				EA38B36614F02D5F00546B51 /* Frameworks */,
				EA38B36714F02D5F00546B51 /* Resources */,
			);
			buildRules = (
			);
			dependencies = (
			);
			name = UIColorCrossFadeDemo;
			productName = UIColorCrossFadeDemo;
			productReference = EA38B36914F02D5F00546B51 /* UIColorCrossFadeDemo.app */;
			productType = "com.apple.product-type.application";
		};
/* End PBXNativeTarget section */

/* Begin PBXProject section */
		EA38B36014F02D5F00546B51 /* Project object */ = {
			isa = PBXProject;
			attributes = {
				CLASSPREFIX = CP;
				LastUpgradeCheck = 0430;
			};
			buildConfigurationList = EA38B36314F02D5F00546B51 /* Build configuration list for PBXProject "UIColorCrossFadeDemo" */;
			compatibilityVersion = "Xcode 3.2";
			developmentRegion = English;
			hasScannedForEncodings = 0;
			knownRegions = (
				en,
			);
			mainGroup = EA38B35E14F02D5F00546B51;
			productRefGroup = EA38B36A14F02D5F00546B51 /* Products */;
			projectDirPath = "";
			projectRoot = "";
			targets = (
				EA38B36814F02D5F00546B51 /* UIColorCrossFadeDemo */,
			);
		};
/* End PBXProject section */

/* Begin PBXResourcesBuildPhase section */
		EA38B36714F02D5F00546B51 /* Resources */ = {
			isa = PBXResourcesBuildPhase;
			buildActionMask = 2147483647;
			files = (
				EA38B37814F02D5F00546B51 /* InfoPlist.strings in Resources */,
				EA38B38414F02D6000546B51 /* CPViewController.xib in Resources */,
				EA38B3BE14F4707E00546B51 /* InfColorPickerView.xib in Resources */,
			);
			runOnlyForDeploymentPostprocessing = 0;
		};
/* End PBXResourcesBuildPhase section */

/* Begin PBXSourcesBuildPhase section */
		EA38B36514F02D5F00546B51 /* Sources */ = {
			isa = PBXSourcesBuildPhase;
			buildActionMask = 2147483647;
			files = (
				EA38B37A14F02D5F00546B51 /* main.m in Sources */,
				EA38B37E14F02D6000546B51 /* CPAppDelegate.m in Sources */,
				EA38B38114F02D6000546B51 /* CPViewController.m in Sources */,
				EA38B38F14F05A7300546B51 /* UIColor+CrossFade.m in Sources */,
				EA38B39F14F46C6B00546B51 /* InfColorPickerController.m in Sources */,
				EA38B3AC14F46FA100546B51 /* CPButtonView.m in Sources */,
				EA38B3BB14F4707E00546B51 /* InfColorBarPicker.m in Sources */,
				EA38B3BC14F4707E00546B51 /* InfColorIndicatorView.m in Sources */,
				EA38B3BF14F4707E00546B51 /* InfColorSquarePicker.m in Sources */,
				EA38B3C014F4707E00546B51 /* InfHSBSupport.m in Sources */,
				EA38B3C114F4707E00546B51 /* InfSourceColorView.m in Sources */,
			);
			runOnlyForDeploymentPostprocessing = 0;
		};
/* End PBXSourcesBuildPhase section */

/* Begin PBXVariantGroup section */
		EA38B37614F02D5F00546B51 /* InfoPlist.strings */ = {
			isa = PBXVariantGroup;
			children = (
				EA38B37714F02D5F00546B51 /* en */,
			);
			name = InfoPlist.strings;
			sourceTree = "<group>";
		};
		EA38B38214F02D6000546B51 /* CPViewController.xib */ = {
			isa = PBXVariantGroup;
			children = (
				EA38B38314F02D6000546B51 /* en */,
			);
			name = CPViewController.xib;
			sourceTree = "<group>";
		};
/* End PBXVariantGroup section */

/* Begin XCBuildConfiguration section */
		EA38B38514F02D6000546B51 /* Debug */ = {
			isa = XCBuildConfiguration;
			buildSettings = {
				ALWAYS_SEARCH_USER_PATHS = NO;
				ARCHS = "$(ARCHS_STANDARD_32_BIT)";
				CLANG_ENABLE_OBJC_ARC = YES;
				"CODE_SIGN_IDENTITY[sdk=iphoneos*]" = "iPhone Developer";
				COPY_PHASE_STRIP = NO;
				GCC_C_LANGUAGE_STANDARD = gnu99;
				GCC_DYNAMIC_NO_PIC = NO;
				GCC_OPTIMIZATION_LEVEL = 0;
				GCC_PREPROCESSOR_DEFINITIONS = (
					"DEBUG=1",
					"$(inherited)",
				);
				GCC_SYMBOLS_PRIVATE_EXTERN = NO;
				GCC_VERSION = com.apple.compilers.llvm.clang.1_0;
				GCC_WARN_ABOUT_RETURN_TYPE = YES;
				GCC_WARN_UNINITIALIZED_AUTOS = YES;
				GCC_WARN_UNUSED_VARIABLE = YES;
				IPHONEOS_DEPLOYMENT_TARGET = 5.0;
				SDKROOT = iphoneos;
			};
			name = Debug;
		};
		EA38B38614F02D6000546B51 /* Release */ = {
			isa = XCBuildConfiguration;
			buildSettings = {
				ALWAYS_SEARCH_USER_PATHS = NO;
				ARCHS = "$(ARCHS_STANDARD_32_BIT)";
				CLANG_ENABLE_OBJC_ARC = YES;
				"CODE_SIGN_IDENTITY[sdk=iphoneos*]" = "iPhone Developer";
				COPY_PHASE_STRIP = YES;
				GCC_C_LANGUAGE_STANDARD = gnu99;
				GCC_VERSION = com.apple.compilers.llvm.clang.1_0;
				GCC_WARN_ABOUT_RETURN_TYPE = YES;
				GCC_WARN_UNINITIALIZED_AUTOS = YES;
				GCC_WARN_UNUSED_VARIABLE = YES;
				IPHONEOS_DEPLOYMENT_TARGET = 5.0;
				OTHER_CFLAGS = "-DNS_BLOCK_ASSERTIONS=1";
				SDKROOT = iphoneos;
				VALIDATE_PRODUCT = YES;
			};
			name = Release;
		};
		EA38B38814F02D6000546B51 /* Debug */ = {
			isa = XCBuildConfiguration;
			buildSettings = {
				GCC_PRECOMPILE_PREFIX_HEADER = YES;
				GCC_PREFIX_HEADER = "UIColorCrossFadeDemo/UIColorCrossFadeDemo-Prefix.pch";
				INFOPLIST_FILE = "UIColorCrossFadeDemo/UIColorCrossFadeDemo-Info.plist";
				PRODUCT_NAME = "$(TARGET_NAME)";
				WRAPPER_EXTENSION = app;
			};
			name = Debug;
		};
		EA38B38914F02D6000546B51 /* Release */ = {
			isa = XCBuildConfiguration;
			buildSettings = {
				GCC_PRECOMPILE_PREFIX_HEADER = YES;
				GCC_PREFIX_HEADER = "UIColorCrossFadeDemo/UIColorCrossFadeDemo-Prefix.pch";
				INFOPLIST_FILE = "UIColorCrossFadeDemo/UIColorCrossFadeDemo-Info.plist";
				PRODUCT_NAME = "$(TARGET_NAME)";
				WRAPPER_EXTENSION = app;
			};
			name = Release;
		};
/* End XCBuildConfiguration section */

/* Begin XCConfigurationList section */
		EA38B36314F02D5F00546B51 /* Build configuration list for PBXProject "UIColorCrossFadeDemo" */ = {
			isa = XCConfigurationList;
			buildConfigurations = (
				EA38B38514F02D6000546B51 /* Debug */,
				EA38B38614F02D6000546B51 /* Release */,
			);
			defaultConfigurationIsVisible = 0;
			defaultConfigurationName = Release;
		};
		EA38B38714F02D6000546B51 /* Build configuration list for PBXNativeTarget "UIColorCrossFadeDemo" */ = {
			isa = XCConfigurationList;
			buildConfigurations = (
				EA38B38814F02D6000546B51 /* Debug */,
				EA38B38914F02D6000546B51 /* Release */,
			);
			defaultConfigurationIsVisible = 0;
			defaultConfigurationName = Release;
		};
/* End XCConfigurationList section */
	};
	rootObject = EA38B36014F02D5F00546B51 /* Project object */;
}
